
Microsoft Visual Studio Solution File, Format Version 12.00
# Visual Studio 15
VisualStudioVersion = 15.0.28307.421
MinimumVisualStudioVersion = 10.0.40219.1
Project("{FAE04EC0-301F-11D3-BF4B-00C04F79EFBC}") = "equation", "equation\equation.csproj", "{EA69C7EC-8457-4725-8EB7-F519AB9F895D}"
EndProject
Global
	GlobalSection(SolutionConfigurationPlatforms) = preSolution
		Debug|Any CPU = Debug|Any CPU
		Release|Any CPU = Release|Any CPU
	EndGlobalSection
	GlobalSection(ProjectConfigurationPlatforms) = postSolution
		{EA69C7EC-8457-4725-8EB7-F519AB9F895D}.Debug|Any CPU.ActiveCfg = Debug|Any CPU
		{EA69C7EC-8457-4725-8EB7-F519AB9F895D}.Debug|Any CPU.Build.0 = Debug|Any CPU
		{EA69C7EC-8457-4725-8EB7-F519AB9F895D}.Release|Any CPU.ActiveCfg = Release|Any CPU
		{EA69C7EC-8457-4725-8EB7-F519AB9F895D}.Release|Any CPU.Build.0 = Release|Any CPU
	EndGlobalSection
	GlobalSection(SolutionProperties) = preSolution
		HideSolutionNode = FALSE
	EndGlobalSection
	GlobalSection(ExtensibilityGlobals) = postSolution
		SolutionGuid = {576A012F-C43A-437A-B62F-F612BBEDA46E}
	EndGlobalSection
EndGlobal
