
Microsoft Visual Studio Solution File, Format Version 11.00
# Visual Studio 2010
Project("{FAE04EC0-301F-11D3-BF4B-00C04F79EFBC}") = "MvcServer", "MvcServer\MvcServer.csproj", "{A5C08B82-A965-407B-A5C3-3B2007D97D4D}"
EndProject
Project("{FAE04EC0-301F-11D3-BF4B-00C04F79EFBC}") = "WizCoreInterface", "WizCoreInterface\WizCoreInterface.csproj", "{683C20EB-11D8-41D2-A955-8982D3AA98EE}"
EndProject
Global
	GlobalSection(SolutionConfigurationPlatforms) = preSolution
		Debug|Any CPU = Debug|Any CPU
		Release|Any CPU = Release|Any CPU
	EndGlobalSection
	GlobalSection(ProjectConfigurationPlatforms) = postSolution
		{A5C08B82-A965-407B-A5C3-3B2007D97D4D}.Debug|Any CPU.ActiveCfg = Debug|Any CPU
		{A5C08B82-A965-407B-A5C3-3B2007D97D4D}.Debug|Any CPU.Build.0 = Debug|Any CPU
		{A5C08B82-A965-407B-A5C3-3B2007D97D4D}.Release|Any CPU.ActiveCfg = Release|Any CPU
		{A5C08B82-A965-407B-A5C3-3B2007D97D4D}.Release|Any CPU.Build.0 = Release|Any CPU
		{683C20EB-11D8-41D2-A955-8982D3AA98EE}.Debug|Any CPU.ActiveCfg = Debug|Any CPU
		{683C20EB-11D8-41D2-A955-8982D3AA98EE}.Debug|Any CPU.Build.0 = Debug|Any CPU
		{683C20EB-11D8-41D2-A955-8982D3AA98EE}.Release|Any CPU.ActiveCfg = Release|Any CPU
		{683C20EB-11D8-41D2-A955-8982D3AA98EE}.Release|Any CPU.Build.0 = Release|Any CPU
	EndGlobalSection
	GlobalSection(SolutionProperties) = preSolution
		HideSolutionNode = FALSE
	EndGlobalSection
EndGlobal
